
Microsoft Visual Studio Solution File, Format Version 12.00
# Visual Studio Version 16
VisualStudioVersion = 16.0.31829.152
MinimumVisualStudioVersion = 10.0.40219.1
Project("{FAE04EC0-301F-11D3-BF4B-00C04F79EFBC}") = "Weather", "Weather\Weather.csproj", "{D143C138-6F8B-4127-AF18-AA5E1338A6BD}"
EndProject
Global
	GlobalSection(SolutionConfigurationPlatforms) = preSolution
		Debug|Any CPU = Debug|Any CPU
		Release|Any CPU = Release|Any CPU
	EndGlobalSection
	GlobalSection(ProjectConfigurationPlatforms) = postSolution
		{D143C138-6F8B-4127-AF18-AA5E1338A6BD}.Debug|Any CPU.ActiveCfg = Debug|Any CPU
		{D143C138-6F8B-4127-AF18-AA5E1338A6BD}.Debug|Any CPU.Build.0 = Debug|Any CPU
		{D143C138-6F8B-4127-AF18-AA5E1338A6BD}.Release|Any CPU.ActiveCfg = Release|Any CPU
		{D143C138-6F8B-4127-AF18-AA5E1338A6BD}.Release|Any CPU.Build.0 = Release|Any CPU
	EndGlobalSection
	GlobalSection(SolutionProperties) = preSolution
		HideSolutionNode = FALSE
	EndGlobalSection
	GlobalSection(ExtensibilityGlobals) = postSolution
		SolutionGuid = {921A28EA-2FF5-4F1D-BA53-82ED5A51A2EB}
	EndGlobalSection
EndGlobal
